
Microsoft Visual Studio Solution File, Format Version 12.00
# Visual Studio Version 17
VisualStudioVersion = 17.8.34309.116
MinimumVisualStudioVersion = 10.0.40219.1
Project("{FAE04EC0-301F-11D3-BF4B-00C04F79EFBC}") = "State", "State\State.csproj", "{36651388-821E-4A72-92C3-51C138AC5C1B}"
EndProject
Global
	GlobalSection(SolutionConfigurationPlatforms) = preSolution
		Debug|Any CPU = Debug|Any CPU
		Release|Any CPU = Release|Any CPU
	EndGlobalSection
	GlobalSection(ProjectConfigurationPlatforms) = postSolution
		{36651388-821E-4A72-92C3-51C138AC5C1B}.Debug|Any CPU.ActiveCfg = Debug|Any CPU
		{36651388-821E-4A72-92C3-51C138AC5C1B}.Debug|Any CPU.Build.0 = Debug|Any CPU
		{36651388-821E-4A72-92C3-51C138AC5C1B}.Release|Any CPU.ActiveCfg = Release|Any CPU
		{36651388-821E-4A72-92C3-51C138AC5C1B}.Release|Any CPU.Build.0 = Release|Any CPU
	EndGlobalSection
	GlobalSection(SolutionProperties) = preSolution
		HideSolutionNode = FALSE
	EndGlobalSection
	GlobalSection(ExtensibilityGlobals) = postSolution
		SolutionGuid = {5EA35EF6-3112-4429-8F46-65AB8451E0D3}
	EndGlobalSection
EndGlobal
